
Microsoft Visual Studio Solution File, Format Version 12.00
# Visual Studio 15
VisualStudioVersion = 15.0.27130.2027
MinimumVisualStudioVersion = 10.0.40219.1
Project("{F184B08F-C81C-45F6-A57F-5ABD9991F28F}") = "Spotify Lyrics .NET", "Spotify Lyrics .NET\Spotify Lyrics .NET.vbproj", "{52274DFC-2C6B-4A79-BF9D-77087AF806E2}"
EndProject
Global
	GlobalSection(SolutionConfigurationPlatforms) = preSolution
		Debug|Any CPU = Debug|Any CPU
		Release|Any CPU = Release|Any CPU
	EndGlobalSection
	GlobalSection(ProjectConfigurationPlatforms) = postSolution
		{52274DFC-2C6B-4A79-BF9D-77087AF806E2}.Debug|Any CPU.ActiveCfg = Debug|Any CPU
		{52274DFC-2C6B-4A79-BF9D-77087AF806E2}.Debug|Any CPU.Build.0 = Debug|Any CPU
		{52274DFC-2C6B-4A79-BF9D-77087AF806E2}.Release|Any CPU.ActiveCfg = Release|Any CPU
		{52274DFC-2C6B-4A79-BF9D-77087AF806E2}.Release|Any CPU.Build.0 = Release|Any CPU
	EndGlobalSection
	GlobalSection(SolutionProperties) = preSolution
		HideSolutionNode = FALSE
	EndGlobalSection
	GlobalSection(ExtensibilityGlobals) = postSolution
		SolutionGuid = {723C6C95-1AC7-48B1-9A4C-B8DFFBA04607}
	EndGlobalSection
EndGlobal
